
Microsoft Visual Studio Solution File, Format Version 12.00
# Visual Studio Version 17
VisualStudioVersion = 17.10.35013.160
MinimumVisualStudioVersion = 10.0.40219.1
Project("{FAE04EC0-301F-11D3-BF4B-00C04F79EFBC}") = "TraditionalDependency", "TraditionalDependency\TraditionalDependency.csproj", "{F376647E-7955-4873-8F80-CF9D9664E0E2}"
EndProject
Project("{FAE04EC0-301F-11D3-BF4B-00C04F79EFBC}") = "DependencyInversion", "DependencyInversion\DependencyInversion.csproj", "{F66CE24B-920C-4C06-B6F9-E74767AB5B17}"
EndProject
Project("{FAE04EC0-301F-11D3-BF4B-00C04F79EFBC}") = "DependencyInjectionExample", "DependencyInjectionExample\DependencyInjectionExample.csproj", "{CE4F4B48-7427-4782-9BD3-6B8EBE97E96E}"
EndProject
Project("{FAE04EC0-301F-11D3-BF4B-00C04F79EFBC}") = "OptionsExample", "OptionsExample\OptionsExample.csproj", "{252CE589-5103-46BA-81E5-38E0B2CFC5B9}"
EndProject
Project("{FAE04EC0-301F-11D3-BF4B-00C04F79EFBC}") = "JsonConfigurationExample", "JsonConfigurationExample\JsonConfigurationExample.csproj", "{9E3D43A9-4B97-49E5-9954-A41EA9619DEA}"
EndProject
Global
	GlobalSection(SolutionConfigurationPlatforms) = preSolution
		Debug|Any CPU = Debug|Any CPU
		Release|Any CPU = Release|Any CPU
	EndGlobalSection
	GlobalSection(ProjectConfigurationPlatforms) = postSolution
		{F376647E-7955-4873-8F80-CF9D9664E0E2}.Debug|Any CPU.ActiveCfg = Debug|Any CPU
		{F376647E-7955-4873-8F80-CF9D9664E0E2}.Debug|Any CPU.Build.0 = Debug|Any CPU
		{F376647E-7955-4873-8F80-CF9D9664E0E2}.Release|Any CPU.ActiveCfg = Release|Any CPU
		{F376647E-7955-4873-8F80-CF9D9664E0E2}.Release|Any CPU.Build.0 = Release|Any CPU
		{F66CE24B-920C-4C06-B6F9-E74767AB5B17}.Debug|Any CPU.ActiveCfg = Debug|Any CPU
		{F66CE24B-920C-4C06-B6F9-E74767AB5B17}.Debug|Any CPU.Build.0 = Debug|Any CPU
		{F66CE24B-920C-4C06-B6F9-E74767AB5B17}.Release|Any CPU.ActiveCfg = Release|Any CPU
		{F66CE24B-920C-4C06-B6F9-E74767AB5B17}.Release|Any CPU.Build.0 = Release|Any CPU
		{CE4F4B48-7427-4782-9BD3-6B8EBE97E96E}.Debug|Any CPU.ActiveCfg = Debug|Any CPU
		{CE4F4B48-7427-4782-9BD3-6B8EBE97E96E}.Debug|Any CPU.Build.0 = Debug|Any CPU
		{CE4F4B48-7427-4782-9BD3-6B8EBE97E96E}.Release|Any CPU.ActiveCfg = Release|Any CPU
		{CE4F4B48-7427-4782-9BD3-6B8EBE97E96E}.Release|Any CPU.Build.0 = Release|Any CPU
		{252CE589-5103-46BA-81E5-38E0B2CFC5B9}.Debug|Any CPU.ActiveCfg = Debug|Any CPU
		{252CE589-5103-46BA-81E5-38E0B2CFC5B9}.Debug|Any CPU.Build.0 = Debug|Any CPU
		{252CE589-5103-46BA-81E5-38E0B2CFC5B9}.Release|Any CPU.ActiveCfg = Release|Any CPU
		{252CE589-5103-46BA-81E5-38E0B2CFC5B9}.Release|Any CPU.Build.0 = Release|Any CPU
		{9E3D43A9-4B97-49E5-9954-A41EA9619DEA}.Debug|Any CPU.ActiveCfg = Debug|Any CPU
		{9E3D43A9-4B97-49E5-9954-A41EA9619DEA}.Debug|Any CPU.Build.0 = Debug|Any CPU
		{9E3D43A9-4B97-49E5-9954-A41EA9619DEA}.Release|Any CPU.ActiveCfg = Release|Any CPU
		{9E3D43A9-4B97-49E5-9954-A41EA9619DEA}.Release|Any CPU.Build.0 = Release|Any CPU
	EndGlobalSection
	GlobalSection(SolutionProperties) = preSolution
		HideSolutionNode = FALSE
	EndGlobalSection
	GlobalSection(ExtensibilityGlobals) = postSolution
		SolutionGuid = {9C019110-E724-4788-A6A2-8968CB709578}
	EndGlobalSection
EndGlobal
